
Microsoft Visual Studio Solution File, Format Version 12.00
# Visual Studio Version 16
VisualStudioVersion = 16.0.31112.23
MinimumVisualStudioVersion = 10.0.40219.1
Project("{FAE04EC0-301F-11D3-BF4B-00C04F79EFBC}") = "CurrencyConverterAPI", "CurrencyConverterAPI\CurrencyConverterAPI.csproj", "{E8637992-973C-41DC-B69B-2BCD248BF715}"
EndProject
Global
	GlobalSection(SolutionConfigurationPlatforms) = preSolution
		Debug|Any CPU = Debug|Any CPU
		Release|Any CPU = Release|Any CPU
	EndGlobalSection
	GlobalSection(ProjectConfigurationPlatforms) = postSolution
		{E8637992-973C-41DC-B69B-2BCD248BF715}.Debug|Any CPU.ActiveCfg = Debug|Any CPU
		{E8637992-973C-41DC-B69B-2BCD248BF715}.Debug|Any CPU.Build.0 = Debug|Any CPU
		{E8637992-973C-41DC-B69B-2BCD248BF715}.Release|Any CPU.ActiveCfg = Release|Any CPU
		{E8637992-973C-41DC-B69B-2BCD248BF715}.Release|Any CPU.Build.0 = Release|Any CPU
	EndGlobalSection
	GlobalSection(SolutionProperties) = preSolution
		HideSolutionNode = FALSE
	EndGlobalSection
	GlobalSection(ExtensibilityGlobals) = postSolution
		SolutionGuid = {E1BA8D5F-4E42-4861-A276-E120A76183D5}
	EndGlobalSection
EndGlobal
